
Microsoft Visual Studio Solution File, Format Version 12.00
# Visual Studio 15
VisualStudioVersion = 15.0.27703.2035
MinimumVisualStudioVersion = 10.0.40219.1
Project("{FAE04EC0-301F-11D3-BF4B-00C04F79EFBC}") = "Campus-Applications", "Campus-Applications\Campus-Applications.csproj", "{C39625E7-BFEA-47F9-AE0B-186C20F2790E}"
EndProject
Global
	GlobalSection(SolutionConfigurationPlatforms) = preSolution
		Debug|Any CPU = Debug|Any CPU
		Release|Any CPU = Release|Any CPU
	EndGlobalSection
	GlobalSection(ProjectConfigurationPlatforms) = postSolution
		{C39625E7-BFEA-47F9-AE0B-186C20F2790E}.Debug|Any CPU.ActiveCfg = Debug|Any CPU
		{C39625E7-BFEA-47F9-AE0B-186C20F2790E}.Debug|Any CPU.Build.0 = Debug|Any CPU
		{C39625E7-BFEA-47F9-AE0B-186C20F2790E}.Release|Any CPU.ActiveCfg = Release|Any CPU
		{C39625E7-BFEA-47F9-AE0B-186C20F2790E}.Release|Any CPU.Build.0 = Release|Any CPU
	EndGlobalSection
	GlobalSection(SolutionProperties) = preSolution
		HideSolutionNode = FALSE
	EndGlobalSection
	GlobalSection(ExtensibilityGlobals) = postSolution
		SolutionGuid = {8D07D10A-2714-4ED0-A897-1187C9CADD7D}
	EndGlobalSection
EndGlobal
