
Microsoft Visual Studio Solution File, Format Version 12.00
# Visual Studio 15
VisualStudioVersion = 15.0.28010.2046
MinimumVisualStudioVersion = 10.0.40219.1
Project("{FAE04EC0-301F-11D3-BF4B-00C04F79EFBC}") = "AJAX-WebApp", "AJAX-WebApp\AJAX-WebApp.csproj", "{EA495E1F-62B4-428D-AD89-A181A310B377}"
EndProject
Global
	GlobalSection(SolutionConfigurationPlatforms) = preSolution
		Debug|Any CPU = Debug|Any CPU
		Release|Any CPU = Release|Any CPU
	EndGlobalSection
	GlobalSection(ProjectConfigurationPlatforms) = postSolution
		{EA495E1F-62B4-428D-AD89-A181A310B377}.Debug|Any CPU.ActiveCfg = Debug|Any CPU
		{EA495E1F-62B4-428D-AD89-A181A310B377}.Debug|Any CPU.Build.0 = Debug|Any CPU
		{EA495E1F-62B4-428D-AD89-A181A310B377}.Release|Any CPU.ActiveCfg = Release|Any CPU
		{EA495E1F-62B4-428D-AD89-A181A310B377}.Release|Any CPU.Build.0 = Release|Any CPU
	EndGlobalSection
	GlobalSection(SolutionProperties) = preSolution
		HideSolutionNode = FALSE
	EndGlobalSection
	GlobalSection(ExtensibilityGlobals) = postSolution
		SolutionGuid = {2B2C182D-29C7-41E9-952E-19EF499541E6}
	EndGlobalSection
EndGlobal
